
Microsoft Visual Studio Solution File, Format Version 11.00
# Visual Studio 2010
Project("{FAE04EC0-301F-11D3-BF4B-00C04F79EFBC}") = "bigtoe", "bigtoe\bigtoe.csproj", "{17452657-C69A-42E0-9E2F-7857BB6A870E}"
EndProject
Project("{FAE04EC0-301F-11D3-BF4B-00C04F79EFBC}") = "bigtoe.specs", "bigtoe.specs\bigtoe.specs.csproj", "{081784C0-0B7C-4A0E-B1EC-B9ED8F134AF1}"
EndProject
Project("{FAE04EC0-301F-11D3-BF4B-00C04F79EFBC}") = "toe", "toe\toe.csproj", "{DC3C982D-AE1B-498A-B3E0-D57A7E2158A9}"
EndProject
Global
	GlobalSection(SolutionConfigurationPlatforms) = preSolution
		Debug|Any CPU = Debug|Any CPU
		Release|Any CPU = Release|Any CPU
	EndGlobalSection
	GlobalSection(ProjectConfigurationPlatforms) = postSolution
		{17452657-C69A-42E0-9E2F-7857BB6A870E}.Debug|Any CPU.ActiveCfg = Debug|Any CPU
		{17452657-C69A-42E0-9E2F-7857BB6A870E}.Debug|Any CPU.Build.0 = Debug|Any CPU
		{17452657-C69A-42E0-9E2F-7857BB6A870E}.Release|Any CPU.ActiveCfg = Release|Any CPU
		{17452657-C69A-42E0-9E2F-7857BB6A870E}.Release|Any CPU.Build.0 = Release|Any CPU
		{081784C0-0B7C-4A0E-B1EC-B9ED8F134AF1}.Debug|Any CPU.ActiveCfg = Debug|Any CPU
		{081784C0-0B7C-4A0E-B1EC-B9ED8F134AF1}.Debug|Any CPU.Build.0 = Debug|Any CPU
		{081784C0-0B7C-4A0E-B1EC-B9ED8F134AF1}.Release|Any CPU.ActiveCfg = Release|Any CPU
		{081784C0-0B7C-4A0E-B1EC-B9ED8F134AF1}.Release|Any CPU.Build.0 = Release|Any CPU
		{DC3C982D-AE1B-498A-B3E0-D57A7E2158A9}.Debug|Any CPU.ActiveCfg = Debug|Any CPU
		{DC3C982D-AE1B-498A-B3E0-D57A7E2158A9}.Debug|Any CPU.Build.0 = Debug|Any CPU
		{DC3C982D-AE1B-498A-B3E0-D57A7E2158A9}.Release|Any CPU.ActiveCfg = Release|Any CPU
		{DC3C982D-AE1B-498A-B3E0-D57A7E2158A9}.Release|Any CPU.Build.0 = Release|Any CPU
	EndGlobalSection
	GlobalSection(SolutionProperties) = preSolution
		HideSolutionNode = FALSE
	EndGlobalSection
EndGlobal
